
Microsoft Visual Studio Solution File, Format Version 12.00
# Visual Studio Version 16
VisualStudioVersion = 16.0.30413.136
MinimumVisualStudioVersion = 10.0.40219.1
Project("{FAE04EC0-301F-11D3-BF4B-00C04F79EFBC}") = "LINQ", "LINQ\LINQ.csproj", "{FB87D969-6AB7-4284-A7F0-F1714F78D0F3}"
EndProject
Global
	GlobalSection(SolutionConfigurationPlatforms) = preSolution
		Debug|Any CPU = Debug|Any CPU
		Release|Any CPU = Release|Any CPU
	EndGlobalSection
	GlobalSection(ProjectConfigurationPlatforms) = postSolution
		{FB87D969-6AB7-4284-A7F0-F1714F78D0F3}.Debug|Any CPU.ActiveCfg = Debug|Any CPU
		{FB87D969-6AB7-4284-A7F0-F1714F78D0F3}.Debug|Any CPU.Build.0 = Debug|Any CPU
		{FB87D969-6AB7-4284-A7F0-F1714F78D0F3}.Release|Any CPU.ActiveCfg = Release|Any CPU
		{FB87D969-6AB7-4284-A7F0-F1714F78D0F3}.Release|Any CPU.Build.0 = Release|Any CPU
	EndGlobalSection
	GlobalSection(SolutionProperties) = preSolution
		HideSolutionNode = FALSE
	EndGlobalSection
	GlobalSection(ExtensibilityGlobals) = postSolution
		SolutionGuid = {A382F465-022C-4512-A274-A841F7302E5B}
	EndGlobalSection
EndGlobal
